%{
  "bbmustache": {:hex, :bbmustache, "1.4.0", "cc45a071dd2b3df3a3e5f28548c8167e669a1f53437a2a2fd3b378cd38a6e725", [:rebar3], [], "hexpm"},
  "yamerl": {:hex, :yamerl, "0.7.0", "e51dba652dce74c20a88294130b48051ebbbb0be7d76f22de064f0f3ccf0aaf5", [:rebar3], [], "hexpm"},
  "yaml_elixir": {:hex, :yaml_elixir, "1.4.0", "8c859bce9677793eb38efeac74edd0eddd892bc741c88b1e46bd22cdb1eb76fd", [:mix], [{:yamerl, "~> 0.5", [hex: :yamerl, repo: "hexpm", optional: false]}], "hexpm"},
}
